
Microsoft Visual Studio Solution File, Format Version 12.00
# Visual Studio 15
VisualStudioVersion = 15.0.27703.2035
MinimumVisualStudioVersion = 10.0.40219.1
Project("{FAE04EC0-301F-11D3-BF4B-00C04F79EFBC}") = "SalAndGabeFoodDelivery", "WebApplication1\SalAndGabeFoodDelivery.csproj", "{5B8FED4F-D607-4B45-861A-26F74F7FB16C}"
EndProject
Project("{FAE04EC0-301F-11D3-BF4B-00C04F79EFBC}") = "Utilities", "Utilities\Utilities.csproj", "{4F4043A9-4E55-46E4-A3BD-0356A1DF587C}"
EndProject
Project("{FAE04EC0-301F-11D3-BF4B-00C04F79EFBC}") = "Classes", "Classes\Classes.csproj", "{9AB1B65F-EB46-4ECD-AE8F-FE40493D7F41}"
EndProject
Global
	GlobalSection(SolutionConfigurationPlatforms) = preSolution
		Debug|Any CPU = Debug|Any CPU
		Release|Any CPU = Release|Any CPU
	EndGlobalSection
	GlobalSection(ProjectConfigurationPlatforms) = postSolution
		{5B8FED4F-D607-4B45-861A-26F74F7FB16C}.Debug|Any CPU.ActiveCfg = Debug|Any CPU
		{5B8FED4F-D607-4B45-861A-26F74F7FB16C}.Debug|Any CPU.Build.0 = Debug|Any CPU
		{5B8FED4F-D607-4B45-861A-26F74F7FB16C}.Release|Any CPU.ActiveCfg = Release|Any CPU
		{5B8FED4F-D607-4B45-861A-26F74F7FB16C}.Release|Any CPU.Build.0 = Release|Any CPU
		{4F4043A9-4E55-46E4-A3BD-0356A1DF587C}.Debug|Any CPU.ActiveCfg = Debug|Any CPU
		{4F4043A9-4E55-46E4-A3BD-0356A1DF587C}.Debug|Any CPU.Build.0 = Debug|Any CPU
		{4F4043A9-4E55-46E4-A3BD-0356A1DF587C}.Release|Any CPU.ActiveCfg = Release|Any CPU
		{4F4043A9-4E55-46E4-A3BD-0356A1DF587C}.Release|Any CPU.Build.0 = Release|Any CPU
		{9AB1B65F-EB46-4ECD-AE8F-FE40493D7F41}.Debug|Any CPU.ActiveCfg = Debug|Any CPU
		{9AB1B65F-EB46-4ECD-AE8F-FE40493D7F41}.Debug|Any CPU.Build.0 = Debug|Any CPU
		{9AB1B65F-EB46-4ECD-AE8F-FE40493D7F41}.Release|Any CPU.ActiveCfg = Release|Any CPU
		{9AB1B65F-EB46-4ECD-AE8F-FE40493D7F41}.Release|Any CPU.Build.0 = Release|Any CPU
	EndGlobalSection
	GlobalSection(SolutionProperties) = preSolution
		HideSolutionNode = FALSE
	EndGlobalSection
	GlobalSection(ExtensibilityGlobals) = postSolution
		SolutionGuid = {38F017DC-EACA-4C5B-B749-523970483AE9}
	EndGlobalSection
EndGlobal
